
Microsoft Visual Studio Solution File, Format Version 12.00
# Visual Studio Version 17
VisualStudioVersion = 17.9.34728.123
MinimumVisualStudioVersion = 10.0.40219.1
Project("{9A19103F-16F7-4668-BE54-9A1E7A4F7556}") = "CreaturesLude", "CreaturesLude.csproj", "{BA974FAE-AEEF-44EA-A539-34DFC19224DC}"
EndProject
Project("{9A19103F-16F7-4668-BE54-9A1E7A4F7556}") = "WackyBagTr", "..\WackyBagTr\WackyBagTr.csproj", "{417542D6-DC56-400B-9BB9-D974561DEE6B}"
EndProject
Project("{9A19103F-16F7-4668-BE54-9A1E7A4F7556}") = "WackyBag", "..\..\..\..\..\_\source\repos\WackyBag\WackyBag.csproj", "{500EFD80-BF21-4190-8CD8-30D31C81BFDA}"
EndProject
Global
	GlobalSection(SolutionConfigurationPlatforms) = preSolution
		Debug|Any CPU = Debug|Any CPU
		Release|Any CPU = Release|Any CPU
	EndGlobalSection
	GlobalSection(ProjectConfigurationPlatforms) = postSolution
		{BA974FAE-AEEF-44EA-A539-34DFC19224DC}.Debug|Any CPU.ActiveCfg = Debug|Any CPU
		{BA974FAE-AEEF-44EA-A539-34DFC19224DC}.Debug|Any CPU.Build.0 = Debug|Any CPU
		{BA974FAE-AEEF-44EA-A539-34DFC19224DC}.Release|Any CPU.ActiveCfg = Release|Any CPU
		{BA974FAE-AEEF-44EA-A539-34DFC19224DC}.Release|Any CPU.Build.0 = Release|Any CPU
		{417542D6-DC56-400B-9BB9-D974561DEE6B}.Debug|Any CPU.ActiveCfg = Debug|Any CPU
		{417542D6-DC56-400B-9BB9-D974561DEE6B}.Debug|Any CPU.Build.0 = Debug|Any CPU
		{417542D6-DC56-400B-9BB9-D974561DEE6B}.Release|Any CPU.ActiveCfg = Release|Any CPU
		{417542D6-DC56-400B-9BB9-D974561DEE6B}.Release|Any CPU.Build.0 = Release|Any CPU
		{500EFD80-BF21-4190-8CD8-30D31C81BFDA}.Debug|Any CPU.ActiveCfg = Debug|Any CPU
		{500EFD80-BF21-4190-8CD8-30D31C81BFDA}.Debug|Any CPU.Build.0 = Debug|Any CPU
		{500EFD80-BF21-4190-8CD8-30D31C81BFDA}.Release|Any CPU.ActiveCfg = Release|Any CPU
		{500EFD80-BF21-4190-8CD8-30D31C81BFDA}.Release|Any CPU.Build.0 = Release|Any CPU
	EndGlobalSection
	GlobalSection(SolutionProperties) = preSolution
		HideSolutionNode = FALSE
	EndGlobalSection
	GlobalSection(ExtensibilityGlobals) = postSolution
		SolutionGuid = {0BFDEBEF-3730-4E74-9CB7-3A085BB0F190}
	EndGlobalSection
EndGlobal
